
Microsoft Visual Studio Solution File, Format Version 12.00
# Visual Studio Version 17
VisualStudioVersion = 17.1.31911.260
MinimumVisualStudioVersion = 10.0.40219.1
Project("{9A19103F-16F7-4668-BE54-9A1E7A4F7556}") = "ColorKraken", "ColorKraken\ColorKraken.csproj", "{39DA085D-9660-4B83-84A7-79CB3641BE35}"
EndProject
Project("{2150E333-8FDC-42A3-9474-1A3956D46DE8}") = "Solution Items", "Solution Items", "{234CEA98-4D97-4B99-8DE0-0AFFDED25B85}"
	ProjectSection(SolutionItems) = preProject
		.editorconfig = .editorconfig
		.gitignore = .gitignore
		.github\workflows\dotnet-desktop.yml = .github\workflows\dotnet-desktop.yml
		README.md = README.md
	EndProjectSection
EndProject
Project("{FAE04EC0-301F-11D3-BF4B-00C04F79EFBC}") = "ColorKraken.Tests", "ColorKraken.Tests\ColorKraken.Tests.csproj", "{71F1A530-8B07-4ABA-ACDD-5EFFC57A9FF1}"
EndProject
Global
	GlobalSection(SolutionConfigurationPlatforms) = preSolution
		Debug|Any CPU = Debug|Any CPU
		Release|Any CPU = Release|Any CPU
	EndGlobalSection
	GlobalSection(ProjectConfigurationPlatforms) = postSolution
		{39DA085D-9660-4B83-84A7-79CB3641BE35}.Debug|Any CPU.ActiveCfg = Debug|Any CPU
		{39DA085D-9660-4B83-84A7-79CB3641BE35}.Debug|Any CPU.Build.0 = Debug|Any CPU
		{39DA085D-9660-4B83-84A7-79CB3641BE35}.Release|Any CPU.ActiveCfg = Release|Any CPU
		{39DA085D-9660-4B83-84A7-79CB3641BE35}.Release|Any CPU.Build.0 = Release|Any CPU
		{71F1A530-8B07-4ABA-ACDD-5EFFC57A9FF1}.Debug|Any CPU.ActiveCfg = Debug|Any CPU
		{71F1A530-8B07-4ABA-ACDD-5EFFC57A9FF1}.Debug|Any CPU.Build.0 = Debug|Any CPU
		{71F1A530-8B07-4ABA-ACDD-5EFFC57A9FF1}.Release|Any CPU.ActiveCfg = Release|Any CPU
		{71F1A530-8B07-4ABA-ACDD-5EFFC57A9FF1}.Release|Any CPU.Build.0 = Release|Any CPU
	EndGlobalSection
	GlobalSection(SolutionProperties) = preSolution
		HideSolutionNode = FALSE
	EndGlobalSection
	GlobalSection(ExtensibilityGlobals) = postSolution
		SolutionGuid = {C0D69117-DB63-4597-99CE-20385A22B995}
	EndGlobalSection
EndGlobal
